// !$*UTF8*$!
{
	archiveVersion = 1;
	classes = {
	};
	objectVersion = 46;
	objects = {

/* Begin PBXBuildFile section */
		023925291F32218600230F04 /* main.cpp in Sources */ = {isa = PBXBuildFile; fileRef = 023925281F32218600230F04 /* main.cpp */; };
		023925301F32226700230F04 /* packet_sniffer.cpp in Sources */ = {isa = PBXBuildFile; fileRef = 0239252F1F32226700230F04 /* packet_sniffer.cpp */; };
		02A3B2421F33C66300F6C422 /* 80211.cpp in Sources */ = {isa = PBXBuildFile; fileRef = 02A3B2411F33C66300F6C422 /* 80211.cpp */; };
/* End PBXBuildFile section */

/* Begin PBXCopyFilesBuildPhase section */
		023925231F32218600230F04 /* CopyFiles */ = {
			isa = PBXCopyFilesBuildPhase;
			buildActionMask = 2147483647;
			dstPath = /usr/share/man/man1/;
			dstSubfolderSpec = 0;
			files = (
			);
			runOnlyForDeploymentPostprocessing = 1;
		};
/* End PBXCopyFilesBuildPhase section */

/* Begin PBXFileReference section */
		023925251F32218600230F04 /* PacketSniffer */ = {isa = PBXFileReference; explicitFileType = "compiled.mach-o.executable"; includeInIndex = 0; path = PacketSniffer; sourceTree = BUILT_PRODUCTS_DIR; };
		023925281F32218600230F04 /* main.cpp */ = {isa = PBXFileReference; lastKnownFileType = sourcecode.cpp.cpp; path = main.cpp; sourceTree = "<group>"; };
		0239252F1F32226700230F04 /* packet_sniffer.cpp */ = {isa = PBXFileReference; fileEncoding = 4; lastKnownFileType = sourcecode.cpp.cpp; path = packet_sniffer.cpp; sourceTree = "<group>"; };
		023925311F32226F00230F04 /* packet_sniffer.h */ = {isa = PBXFileReference; lastKnownFileType = sourcecode.c.h; path = packet_sniffer.h; sourceTree = "<group>"; };
		02A3B2411F33C66300F6C422 /* 80211.cpp */ = {isa = PBXFileReference; fileEncoding = 4; lastKnownFileType = sourcecode.cpp.cpp; path = 80211.cpp; sourceTree = "<group>"; };
		02A3B2431F33C66D00F6C422 /* 80211.h */ = {isa = PBXFileReference; lastKnownFileType = sourcecode.c.h; path = 80211.h; sourceTree = "<group>"; };
/* End PBXFileReference section */

/* Begin PBXFrameworksBuildPhase section */
		023925221F32218600230F04 /* Frameworks */ = {
			isa = PBXFrameworksBuildPhase;
			buildActionMask = 2147483647;
			files = (
			);
			runOnlyForDeploymentPostprocessing = 0;
		};
/* End PBXFrameworksBuildPhase section */

/* Begin PBXGroup section */
		0239251C1F32218600230F04 = {
			isa = PBXGroup;
			children = (
				023925271F32218600230F04 /* PacketSniffer */,
				023925261F32218600230F04 /* Products */,
			);
			sourceTree = "<group>";
		};
		023925261F32218600230F04 /* Products */ = {
			isa = PBXGroup;
			children = (
				023925251F32218600230F04 /* PacketSniffer */,
			);
			name = Products;
			sourceTree = "<group>";
		};
		023925271F32218600230F04 /* PacketSniffer */ = {
			isa = PBXGroup;
			children = (
				023925281F32218600230F04 /* main.cpp */,
				023925311F32226F00230F04 /* packet_sniffer.h */,
				0239252F1F32226700230F04 /* packet_sniffer.cpp */,
				02A3B2431F33C66D00F6C422 /* 80211.h */,
				02A3B2411F33C66300F6C422 /* 80211.cpp */,
			);
			path = PacketSniffer;
			sourceTree = "<group>";
		};
/* End PBXGroup section */

/* Begin PBXNativeTarget section */
		023925241F32218600230F04 /* PacketSniffer */ = {
			isa = PBXNativeTarget;
			buildConfigurationList = 0239252C1F32218600230F04 /* Build configuration list for PBXNativeTarget "PacketSniffer" */;
			buildPhases = (
				023925211F32218600230F04 /* Sources */,
				023925221F32218600230F04 /* Frameworks */,
				023925231F32218600230F04 /* CopyFiles */,
			);
			buildRules = (
			);
			dependencies = (
			);
			name = PacketSniffer;
			productName = PacketSniffer;
			productReference = 023925251F32218600230F04 /* PacketSniffer */;
			productType = "com.apple.product-type.tool";
		};
/* End PBXNativeTarget section */

/* Begin PBXProject section */
		0239251D1F32218600230F04 /* Project object */ = {
			isa = PBXProject;
			attributes = {
				LastUpgradeCheck = 0720;
				ORGANIZATIONNAME = "Henry Bergin";
				TargetAttributes = {
					023925241F32218600230F04 = {
						CreatedOnToolsVersion = 7.2.1;
					};
				};
			};
			buildConfigurationList = 023925201F32218600230F04 /* Build configuration list for PBXProject "PacketSniffer" */;
			compatibilityVersion = "Xcode 3.2";
			developmentRegion = English;
			hasScannedForEncodings = 0;
			knownRegions = (
				en,
			);
			mainGroup = 0239251C1F32218600230F04;
			productRefGroup = 023925261F32218600230F04 /* Products */;
			projectDirPath = "";
			projectRoot = "";
			targets = (
				023925241F32218600230F04 /* PacketSniffer */,
			);
		};
/* End PBXProject section */

/* Begin PBXSourcesBuildPhase section */
		023925211F32218600230F04 /* Sources */ = {
			isa = PBXSourcesBuildPhase;
			buildActionMask = 2147483647;
			files = (
				02A3B2421F33C66300F6C422 /* 80211.cpp in Sources */,
				023925291F32218600230F04 /* main.cpp in Sources */,
				023925301F32226700230F04 /* packet_sniffer.cpp in Sources */,
			);
			runOnlyForDeploymentPostprocessing = 0;
		};
/* End PBXSourcesBuildPhase section */

/* Begin XCBuildConfiguration section */
		0239252A1F32218600230F04 /* Debug */ = {
			isa = XCBuildConfiguration;
			buildSettings = {
				ALWAYS_SEARCH_USER_PATHS = NO;
				CLANG_CXX_LANGUAGE_STANDARD = "gnu++0x";
				CLANG_CXX_LIBRARY = "libc++";
				CLANG_ENABLE_MODULES = YES;
				CLANG_ENABLE_OBJC_ARC = YES;
				CLANG_WARN_BOOL_CONVERSION = YES;
				CLANG_WARN_CONSTANT_CONVERSION = YES;
				CLANG_WARN_DIRECT_OBJC_ISA_USAGE = YES_ERROR;
				CLANG_WARN_EMPTY_BODY = YES;
				CLANG_WARN_ENUM_CONVERSION = YES;
				CLANG_WARN_INT_CONVERSION = YES;
				CLANG_WARN_OBJC_ROOT_CLASS = YES_ERROR;
				CLANG_WARN_UNREACHABLE_CODE = YES;
				CLANG_WARN__DUPLICATE_METHOD_MATCH = YES;
				CODE_SIGN_IDENTITY = "-";
				COPY_PHASE_STRIP = NO;
				DEBUG_INFORMATION_FORMAT = dwarf;
				ENABLE_STRICT_OBJC_MSGSEND = YES;
				ENABLE_TESTABILITY = YES;
				GCC_C_LANGUAGE_STANDARD = gnu99;
				GCC_DYNAMIC_NO_PIC = NO;
				GCC_NO_COMMON_BLOCKS = YES;
				GCC_OPTIMIZATION_LEVEL = 0;
				GCC_PREPROCESSOR_DEFINITIONS = (
					"DEBUG=1",
					"$(inherited)",
				);
				GCC_WARN_64_TO_32_BIT_CONVERSION = YES;
				GCC_WARN_ABOUT_RETURN_TYPE = YES_ERROR;
				GCC_WARN_UNDECLARED_SELECTOR = YES;
				GCC_WARN_UNINITIALIZED_AUTOS = YES_AGGRESSIVE;
				GCC_WARN_UNUSED_FUNCTION = YES;
				GCC_WARN_UNUSED_VARIABLE = YES;
				MACOSX_DEPLOYMENT_TARGET = 10.10;
				MTL_ENABLE_DEBUG_INFO = YES;
				ONLY_ACTIVE_ARCH = YES;
				SDKROOT = macosx;
			};
			name = Debug;
		};
		0239252B1F32218600230F04 /* Release */ = {
			isa = XCBuildConfiguration;
			buildSettings = {
				ALWAYS_SEARCH_USER_PATHS = NO;
				CLANG_CXX_LANGUAGE_STANDARD = "gnu++0x";
				CLANG_CXX_LIBRARY = "libc++";
				CLANG_ENABLE_MODULES = YES;
				CLANG_ENABLE_OBJC_ARC = YES;
				CLANG_WARN_BOOL_CONVERSION = YES;
				CLANG_WARN_CONSTANT_CONVERSION = YES;
				CLANG_WARN_DIRECT_OBJC_ISA_USAGE = YES_ERROR;
				CLANG_WARN_EMPTY_BODY = YES;
				CLANG_WARN_ENUM_CONVERSION = YES;
				CLANG_WARN_INT_CONVERSION = YES;
				CLANG_WARN_OBJC_ROOT_CLASS = YES_ERROR;
				CLANG_WARN_UNREACHABLE_CODE = YES;
				CLANG_WARN__DUPLICATE_METHOD_MATCH = YES;
				CODE_SIGN_IDENTITY = "-";
				COPY_PHASE_STRIP = NO;
				DEBUG_INFORMATION_FORMAT = "dwarf-with-dsym";
				ENABLE_NS_ASSERTIONS = NO;
				ENABLE_STRICT_OBJC_MSGSEND = YES;
				GCC_C_LANGUAGE_STANDARD = gnu99;
				GCC_NO_COMMON_BLOCKS = YES;
				GCC_WARN_64_TO_32_BIT_CONVERSION = YES;
				GCC_WARN_ABOUT_RETURN_TYPE = YES_ERROR;
				GCC_WARN_UNDECLARED_SELECTOR = YES;
				GCC_WARN_UNINITIALIZED_AUTOS = YES_AGGRESSIVE;
				GCC_WARN_UNUSED_FUNCTION = YES;
				GCC_WARN_UNUSED_VARIABLE = YES;
				MACOSX_DEPLOYMENT_TARGET = 10.10;
				MTL_ENABLE_DEBUG_INFO = NO;
				SDKROOT = macosx;
			};
			name = Release;
		};
		0239252D1F32218600230F04 /* Debug */ = {
			isa = XCBuildConfiguration;
			buildSettings = {
				HEADER_SEARCH_PATHS = "$(PROJECT_DIR)/PacketSniffer/3rdparty/libpcap-1.8.1";
				OTHER_LDFLAGS = (
					"-L",
					"$(PROJECT_DIR)/PacketSniffer/3rdparty/lib",
					"-l",
					pcap,
					"-dylib_file",
					"$(PROJECT_DIR)/PacketSniffer/3rdparty/lib/libpcap.dylib:$(PROJECT_DIR)/PacketSniffer/3rdparty/lib/libpcap.dylib",
				);
				PRODUCT_NAME = "$(TARGET_NAME)";
			};
			name = Debug;
		};
		0239252E1F32218600230F04 /* Release */ = {
			isa = XCBuildConfiguration;
			buildSettings = {
				HEADER_SEARCH_PATHS = "$(PROJECT_DIR)/PacketSniffer/3rdparty/libpcap-1.8.1";
				OTHER_LDFLAGS = (
					"-L",
					"$(PROJECT_DIR)/PacketSniffer/3rdparty/lib",
					"-l",
					pcap,
					"-dylib_file",
					"$(PROJECT_DIR)/PacketSniffer/3rdparty/lib/libpcap.dylib:$(PROJECT_DIR)/PacketSniffer/3rdparty/lib/libpcap.dylib",
				);
				PRODUCT_NAME = "$(TARGET_NAME)";
			};
			name = Release;
		};
/* End XCBuildConfiguration section */

/* Begin XCConfigurationList section */
		023925201F32218600230F04 /* Build configuration list for PBXProject "PacketSniffer" */ = {
			isa = XCConfigurationList;
			buildConfigurations = (
				0239252A1F32218600230F04 /* Debug */,
				0239252B1F32218600230F04 /* Release */,
			);
			defaultConfigurationIsVisible = 0;
			defaultConfigurationName = Release;
		};
		0239252C1F32218600230F04 /* Build configuration list for PBXNativeTarget "PacketSniffer" */ = {
			isa = XCConfigurationList;
			buildConfigurations = (
				0239252D1F32218600230F04 /* Debug */,
				0239252E1F32218600230F04 /* Release */,
			);
			defaultConfigurationIsVisible = 0;
			defaultConfigurationName = Release;
		};
/* End XCConfigurationList section */
	};
	rootObject = 0239251D1F32218600230F04 /* Project object */;
}
